
Microsoft Visual Studio Solution File, Format Version 12.00
# Visual Studio 15
VisualStudioVersion = 15.0.26430.6
MinimumVisualStudioVersion = 10.0.40219.1
Project("{FAE04EC0-301F-11D3-BF4B-00C04F79EFBC}") = "Joven.DesignPattern.Strategy", "Joven.DesignPattern.Strategy\Joven.DesignPattern.Strategy.csproj", "{360FA014-9670-40F8-9AF2-302A229D65F2}"
EndProject
Project("{FAE04EC0-301F-11D3-BF4B-00C04F79EFBC}") = "Joven.DesignPattern.Singleton", "Joven.DesignPattern.Singleton\Joven.DesignPattern.Singleton.csproj", "{8EEE1D3E-75E7-4D66-8A4A-D8B2F167A8E5}"
EndProject
Project("{FAE04EC0-301F-11D3-BF4B-00C04F79EFBC}") = "Joven.DesignPattern.AbstractFactory", "Joven.DesignPattern.AbstractFactory\Joven.DesignPattern.AbstractFactory.csproj", "{01867DF1-8E20-4B0C-9311-A197ED45CE6C}"
EndProject
Project("{FAE04EC0-301F-11D3-BF4B-00C04F79EFBC}") = "Joven.DesignPattern.Builder", "Joven.DesignPattern.Builder\Joven.DesignPattern.Builder.csproj", "{D86B3666-F0CD-41CC-B207-55666DC39FA5}"
EndProject
Project("{FAE04EC0-301F-11D3-BF4B-00C04F79EFBC}") = "Joven.DesignPattern.FactoryMethod", "Joven.DesignPattern.FactoryMethod\Joven.DesignPattern.FactoryMethod.csproj", "{8FC12E40-2B1A-457B-8A15-C4C01F33B03B}"
EndProject
Project("{FAE04EC0-301F-11D3-BF4B-00C04F79EFBC}") = "Joven.DesignPattern.Prototype", "Joven.DesignPattern.Prototype\Joven.DesignPattern.Prototype.csproj", "{E0111A28-37B8-456A-8F97-8A6EBDA1FC7F}"
EndProject
Project("{FAE04EC0-301F-11D3-BF4B-00C04F79EFBC}") = "Joven.DesignPattern.Adapter", "Joven.DesignPattern.Adapter\Joven.DesignPattern.Adapter.csproj", "{D3EA9586-DDA8-4827-99A8-509F56798656}"
EndProject
Project("{FAE04EC0-301F-11D3-BF4B-00C04F79EFBC}") = "Joven.DesignPattern.Bridge", "Joven.DesignPattern.Bridge\Joven.DesignPattern.Bridge.csproj", "{C1D08311-7513-4CD4-BE9C-17A1A4E53CF4}"
EndProject
Project("{FAE04EC0-301F-11D3-BF4B-00C04F79EFBC}") = "Joven.DesignPattern.Composite", "Joven.DesignPattern.Composite\Joven.DesignPattern.Composite.csproj", "{6B2EC90B-1865-487E-9705-2D7D8461E5CA}"
EndProject
Project("{FAE04EC0-301F-11D3-BF4B-00C04F79EFBC}") = "Joven.DesignPattern.Decorator", "Joven.DesignPattern.Decorator\Joven.DesignPattern.Decorator.csproj", "{9E532436-4E0E-4D1C-9C04-BD0515A2E7B6}"
EndProject
Project("{FAE04EC0-301F-11D3-BF4B-00C04F79EFBC}") = "Joven.DesignPattern.Facade", "Joven.DesignPattern.Facade\Joven.DesignPattern.Facade.csproj", "{836463DF-650B-49EA-88F8-4A7CC8F5D880}"
EndProject
Project("{FAE04EC0-301F-11D3-BF4B-00C04F79EFBC}") = "Joven.DesignPattern.Flyweight", "Joven.DesignPattern.Flyweight\Joven.DesignPattern.Flyweight.csproj", "{9E1A900A-FC48-4BD4-AD84-399C62CDD52F}"
EndProject
Project("{FAE04EC0-301F-11D3-BF4B-00C04F79EFBC}") = "Joven.DesignPattern.Proxy", "Joven.DesignPattern.Proxy\Joven.DesignPattern.Proxy.csproj", "{7646501B-4190-45E7-8E5C-4721AA6890C6}"
EndProject
Project("{FAE04EC0-301F-11D3-BF4B-00C04F79EFBC}") = "Joven.DesignPattern.TemplateMethod", "Joven.DesignPattern.TemplateMethod\Joven.DesignPattern.TemplateMethod.csproj", "{B0991B2D-DC2D-43B1-9035-02D0015CB920}"
EndProject
Project("{FAE04EC0-301F-11D3-BF4B-00C04F79EFBC}") = "Joven.DesignPattern.Command", "Joven.DesignPattern.Command\Joven.DesignPattern.Command.csproj", "{BFE88DBA-EEC6-4251-A949-BE2862F2795D}"
EndProject
Project("{FAE04EC0-301F-11D3-BF4B-00C04F79EFBC}") = "Joven.DesignPattern.Interpreter", "Joven.DesignPattern.Interpreter\Joven.DesignPattern.Interpreter.csproj", "{FEAE7DE9-2049-43EA-9E40-C324AA710FB0}"
EndProject
Project("{FAE04EC0-301F-11D3-BF4B-00C04F79EFBC}") = "Joven.DesignPattern.Mediator", "Joven.DesignPattern.Mediator\Joven.DesignPattern.Mediator.csproj", "{5C8B3464-4C6E-4E76-AE86-0FC37EB1D2DB}"
EndProject
Project("{FAE04EC0-301F-11D3-BF4B-00C04F79EFBC}") = "Joven.DesignPattern.Iterator", "Joven.DesignPattern.Iterator\Joven.DesignPattern.Iterator.csproj", "{91543FE3-68B7-448E-8A21-676AC9F6C6B4}"
EndProject
Project("{FAE04EC0-301F-11D3-BF4B-00C04F79EFBC}") = "Joven.DesignPattern.Observer", "Joven.DesignPattern.Observer\Joven.DesignPattern.Observer.csproj", "{D77471A9-67E7-4352-8FF6-94BAC5A055BE}"
EndProject
Project("{FAE04EC0-301F-11D3-BF4B-00C04F79EFBC}") = "Joven.DesignPattern.ChainOfResposibility", "Joven.DesignPattern.ChainOfResposibility\Joven.DesignPattern.ChainOfResposibility.csproj", "{AC6027EF-2043-4A54-B562-D4E63353B72E}"
EndProject
Project("{FAE04EC0-301F-11D3-BF4B-00C04F79EFBC}") = "Joven.DesignPattern.Memento", "Joven.DesignPattern.Memento\Joven.DesignPattern.Memento.csproj", "{76D0CA2C-E6D5-4C6F-90FA-78B6C3950465}"
EndProject
Project("{FAE04EC0-301F-11D3-BF4B-00C04F79EFBC}") = "Joven.DesignPattern.State", "Joven.DesignPattern.State\Joven.DesignPattern.State.csproj", "{7054044E-B31E-4F01-AFDF-CF93F36B6789}"
EndProject
Project("{FAE04EC0-301F-11D3-BF4B-00C04F79EFBC}") = "Joven.DesignPattern.Visitor", "Joven.DesignPattern.Visitor\Joven.DesignPattern.Visitor.csproj", "{FF6C414D-8094-403B-92F7-802210018AF0}"
EndProject
Global
	GlobalSection(SolutionConfigurationPlatforms) = preSolution
		Debug|Any CPU = Debug|Any CPU
		Release|Any CPU = Release|Any CPU
	EndGlobalSection
	GlobalSection(ProjectConfigurationPlatforms) = postSolution
		{360FA014-9670-40F8-9AF2-302A229D65F2}.Debug|Any CPU.ActiveCfg = Debug|Any CPU
		{360FA014-9670-40F8-9AF2-302A229D65F2}.Debug|Any CPU.Build.0 = Debug|Any CPU
		{360FA014-9670-40F8-9AF2-302A229D65F2}.Release|Any CPU.ActiveCfg = Release|Any CPU
		{360FA014-9670-40F8-9AF2-302A229D65F2}.Release|Any CPU.Build.0 = Release|Any CPU
		{8EEE1D3E-75E7-4D66-8A4A-D8B2F167A8E5}.Debug|Any CPU.ActiveCfg = Debug|Any CPU
		{8EEE1D3E-75E7-4D66-8A4A-D8B2F167A8E5}.Debug|Any CPU.Build.0 = Debug|Any CPU
		{8EEE1D3E-75E7-4D66-8A4A-D8B2F167A8E5}.Release|Any CPU.ActiveCfg = Release|Any CPU
		{8EEE1D3E-75E7-4D66-8A4A-D8B2F167A8E5}.Release|Any CPU.Build.0 = Release|Any CPU
		{01867DF1-8E20-4B0C-9311-A197ED45CE6C}.Debug|Any CPU.ActiveCfg = Debug|Any CPU
		{01867DF1-8E20-4B0C-9311-A197ED45CE6C}.Debug|Any CPU.Build.0 = Debug|Any CPU
		{01867DF1-8E20-4B0C-9311-A197ED45CE6C}.Release|Any CPU.ActiveCfg = Release|Any CPU
		{01867DF1-8E20-4B0C-9311-A197ED45CE6C}.Release|Any CPU.Build.0 = Release|Any CPU
		{D86B3666-F0CD-41CC-B207-55666DC39FA5}.Debug|Any CPU.ActiveCfg = Debug|Any CPU
		{D86B3666-F0CD-41CC-B207-55666DC39FA5}.Debug|Any CPU.Build.0 = Debug|Any CPU
		{D86B3666-F0CD-41CC-B207-55666DC39FA5}.Release|Any CPU.ActiveCfg = Release|Any CPU
		{D86B3666-F0CD-41CC-B207-55666DC39FA5}.Release|Any CPU.Build.0 = Release|Any CPU
		{8FC12E40-2B1A-457B-8A15-C4C01F33B03B}.Debug|Any CPU.ActiveCfg = Debug|Any CPU
		{8FC12E40-2B1A-457B-8A15-C4C01F33B03B}.Debug|Any CPU.Build.0 = Debug|Any CPU
		{8FC12E40-2B1A-457B-8A15-C4C01F33B03B}.Release|Any CPU.ActiveCfg = Release|Any CPU
		{8FC12E40-2B1A-457B-8A15-C4C01F33B03B}.Release|Any CPU.Build.0 = Release|Any CPU
		{E0111A28-37B8-456A-8F97-8A6EBDA1FC7F}.Debug|Any CPU.ActiveCfg = Debug|Any CPU
		{E0111A28-37B8-456A-8F97-8A6EBDA1FC7F}.Debug|Any CPU.Build.0 = Debug|Any CPU
		{E0111A28-37B8-456A-8F97-8A6EBDA1FC7F}.Release|Any CPU.ActiveCfg = Release|Any CPU
		{E0111A28-37B8-456A-8F97-8A6EBDA1FC7F}.Release|Any CPU.Build.0 = Release|Any CPU
		{D3EA9586-DDA8-4827-99A8-509F56798656}.Debug|Any CPU.ActiveCfg = Debug|Any CPU
		{D3EA9586-DDA8-4827-99A8-509F56798656}.Debug|Any CPU.Build.0 = Debug|Any CPU
		{D3EA9586-DDA8-4827-99A8-509F56798656}.Release|Any CPU.ActiveCfg = Release|Any CPU
		{D3EA9586-DDA8-4827-99A8-509F56798656}.Release|Any CPU.Build.0 = Release|Any CPU
		{C1D08311-7513-4CD4-BE9C-17A1A4E53CF4}.Debug|Any CPU.ActiveCfg = Debug|Any CPU
		{C1D08311-7513-4CD4-BE9C-17A1A4E53CF4}.Debug|Any CPU.Build.0 = Debug|Any CPU
		{C1D08311-7513-4CD4-BE9C-17A1A4E53CF4}.Release|Any CPU.ActiveCfg = Release|Any CPU
		{C1D08311-7513-4CD4-BE9C-17A1A4E53CF4}.Release|Any CPU.Build.0 = Release|Any CPU
		{6B2EC90B-1865-487E-9705-2D7D8461E5CA}.Debug|Any CPU.ActiveCfg = Debug|Any CPU
		{6B2EC90B-1865-487E-9705-2D7D8461E5CA}.Debug|Any CPU.Build.0 = Debug|Any CPU
		{6B2EC90B-1865-487E-9705-2D7D8461E5CA}.Release|Any CPU.ActiveCfg = Release|Any CPU
		{6B2EC90B-1865-487E-9705-2D7D8461E5CA}.Release|Any CPU.Build.0 = Release|Any CPU
		{9E532436-4E0E-4D1C-9C04-BD0515A2E7B6}.Debug|Any CPU.ActiveCfg = Debug|Any CPU
		{9E532436-4E0E-4D1C-9C04-BD0515A2E7B6}.Debug|Any CPU.Build.0 = Debug|Any CPU
		{9E532436-4E0E-4D1C-9C04-BD0515A2E7B6}.Release|Any CPU.ActiveCfg = Release|Any CPU
		{9E532436-4E0E-4D1C-9C04-BD0515A2E7B6}.Release|Any CPU.Build.0 = Release|Any CPU
		{836463DF-650B-49EA-88F8-4A7CC8F5D880}.Debug|Any CPU.ActiveCfg = Debug|Any CPU
		{836463DF-650B-49EA-88F8-4A7CC8F5D880}.Debug|Any CPU.Build.0 = Debug|Any CPU
		{836463DF-650B-49EA-88F8-4A7CC8F5D880}.Release|Any CPU.ActiveCfg = Release|Any CPU
		{836463DF-650B-49EA-88F8-4A7CC8F5D880}.Release|Any CPU.Build.0 = Release|Any CPU
		{9E1A900A-FC48-4BD4-AD84-399C62CDD52F}.Debug|Any CPU.ActiveCfg = Debug|Any CPU
		{9E1A900A-FC48-4BD4-AD84-399C62CDD52F}.Debug|Any CPU.Build.0 = Debug|Any CPU
		{9E1A900A-FC48-4BD4-AD84-399C62CDD52F}.Release|Any CPU.ActiveCfg = Release|Any CPU
		{9E1A900A-FC48-4BD4-AD84-399C62CDD52F}.Release|Any CPU.Build.0 = Release|Any CPU
		{7646501B-4190-45E7-8E5C-4721AA6890C6}.Debug|Any CPU.ActiveCfg = Debug|Any CPU
		{7646501B-4190-45E7-8E5C-4721AA6890C6}.Debug|Any CPU.Build.0 = Debug|Any CPU
		{7646501B-4190-45E7-8E5C-4721AA6890C6}.Release|Any CPU.ActiveCfg = Release|Any CPU
		{7646501B-4190-45E7-8E5C-4721AA6890C6}.Release|Any CPU.Build.0 = Release|Any CPU
		{B0991B2D-DC2D-43B1-9035-02D0015CB920}.Debug|Any CPU.ActiveCfg = Debug|Any CPU
		{B0991B2D-DC2D-43B1-9035-02D0015CB920}.Debug|Any CPU.Build.0 = Debug|Any CPU
		{B0991B2D-DC2D-43B1-9035-02D0015CB920}.Release|Any CPU.ActiveCfg = Release|Any CPU
		{B0991B2D-DC2D-43B1-9035-02D0015CB920}.Release|Any CPU.Build.0 = Release|Any CPU
		{BFE88DBA-EEC6-4251-A949-BE2862F2795D}.Debug|Any CPU.ActiveCfg = Debug|Any CPU
		{BFE88DBA-EEC6-4251-A949-BE2862F2795D}.Debug|Any CPU.Build.0 = Debug|Any CPU
		{BFE88DBA-EEC6-4251-A949-BE2862F2795D}.Release|Any CPU.ActiveCfg = Release|Any CPU
		{BFE88DBA-EEC6-4251-A949-BE2862F2795D}.Release|Any CPU.Build.0 = Release|Any CPU
		{FEAE7DE9-2049-43EA-9E40-C324AA710FB0}.Debug|Any CPU.ActiveCfg = Debug|Any CPU
		{FEAE7DE9-2049-43EA-9E40-C324AA710FB0}.Debug|Any CPU.Build.0 = Debug|Any CPU
		{FEAE7DE9-2049-43EA-9E40-C324AA710FB0}.Release|Any CPU.ActiveCfg = Release|Any CPU
		{FEAE7DE9-2049-43EA-9E40-C324AA710FB0}.Release|Any CPU.Build.0 = Release|Any CPU
		{5C8B3464-4C6E-4E76-AE86-0FC37EB1D2DB}.Debug|Any CPU.ActiveCfg = Debug|Any CPU
		{5C8B3464-4C6E-4E76-AE86-0FC37EB1D2DB}.Debug|Any CPU.Build.0 = Debug|Any CPU
		{5C8B3464-4C6E-4E76-AE86-0FC37EB1D2DB}.Release|Any CPU.ActiveCfg = Release|Any CPU
		{5C8B3464-4C6E-4E76-AE86-0FC37EB1D2DB}.Release|Any CPU.Build.0 = Release|Any CPU
		{91543FE3-68B7-448E-8A21-676AC9F6C6B4}.Debug|Any CPU.ActiveCfg = Debug|Any CPU
		{91543FE3-68B7-448E-8A21-676AC9F6C6B4}.Debug|Any CPU.Build.0 = Debug|Any CPU
		{91543FE3-68B7-448E-8A21-676AC9F6C6B4}.Release|Any CPU.ActiveCfg = Release|Any CPU
		{91543FE3-68B7-448E-8A21-676AC9F6C6B4}.Release|Any CPU.Build.0 = Release|Any CPU
		{D77471A9-67E7-4352-8FF6-94BAC5A055BE}.Debug|Any CPU.ActiveCfg = Debug|Any CPU
		{D77471A9-67E7-4352-8FF6-94BAC5A055BE}.Debug|Any CPU.Build.0 = Debug|Any CPU
		{D77471A9-67E7-4352-8FF6-94BAC5A055BE}.Release|Any CPU.ActiveCfg = Release|Any CPU
		{D77471A9-67E7-4352-8FF6-94BAC5A055BE}.Release|Any CPU.Build.0 = Release|Any CPU
		{AC6027EF-2043-4A54-B562-D4E63353B72E}.Debug|Any CPU.ActiveCfg = Debug|Any CPU
		{AC6027EF-2043-4A54-B562-D4E63353B72E}.Debug|Any CPU.Build.0 = Debug|Any CPU
		{AC6027EF-2043-4A54-B562-D4E63353B72E}.Release|Any CPU.ActiveCfg = Release|Any CPU
		{AC6027EF-2043-4A54-B562-D4E63353B72E}.Release|Any CPU.Build.0 = Release|Any CPU
		{76D0CA2C-E6D5-4C6F-90FA-78B6C3950465}.Debug|Any CPU.ActiveCfg = Debug|Any CPU
		{76D0CA2C-E6D5-4C6F-90FA-78B6C3950465}.Debug|Any CPU.Build.0 = Debug|Any CPU
		{76D0CA2C-E6D5-4C6F-90FA-78B6C3950465}.Release|Any CPU.ActiveCfg = Release|Any CPU
		{76D0CA2C-E6D5-4C6F-90FA-78B6C3950465}.Release|Any CPU.Build.0 = Release|Any CPU
		{7054044E-B31E-4F01-AFDF-CF93F36B6789}.Debug|Any CPU.ActiveCfg = Debug|Any CPU
		{7054044E-B31E-4F01-AFDF-CF93F36B6789}.Debug|Any CPU.Build.0 = Debug|Any CPU
		{7054044E-B31E-4F01-AFDF-CF93F36B6789}.Release|Any CPU.ActiveCfg = Release|Any CPU
		{7054044E-B31E-4F01-AFDF-CF93F36B6789}.Release|Any CPU.Build.0 = Release|Any CPU
		{FF6C414D-8094-403B-92F7-802210018AF0}.Debug|Any CPU.ActiveCfg = Debug|Any CPU
		{FF6C414D-8094-403B-92F7-802210018AF0}.Debug|Any CPU.Build.0 = Debug|Any CPU
		{FF6C414D-8094-403B-92F7-802210018AF0}.Release|Any CPU.ActiveCfg = Release|Any CPU
		{FF6C414D-8094-403B-92F7-802210018AF0}.Release|Any CPU.Build.0 = Release|Any CPU
	EndGlobalSection
	GlobalSection(SolutionProperties) = preSolution
		HideSolutionNode = FALSE
	EndGlobalSection
EndGlobal
